github.com/go-essentials/assert v1.1.0 h1:yHKge0SPvDUe0IC2VRIEZgkLsmenIYMr5+tVLE8UcRg=
github.com/go-essentials/assert v1.1.0/go.mod h1:MgoSrIN/gUAw68MgJgcBZ/OxVMwQiKOS1nSFPl1BZdU=
github.com/go-essentials/tstsrv v1.0.0 h1:TtlqGa0QyPZJmImIg5i3pO30BNzDPh6F9F9O+6I1gQ0=
github.com/go-essentials/tstsrv v1.0.0/go.mod h1:dzU4QGvuZ31y1ij5GQWc86mglczdl6unycz479GnXRU=
